// !$*UTF8*$!
{
	archiveVersion = 1;
	classes = {
	};
	objectVersion = 55;
	objects = {

/* Begin PBXBuildFile section */
		9A9398E627D9472D0074F63B /* CentralMenu.swift in Sources */ = {isa = PBXBuildFile; fileRef = 9A9398E527D9472D0074F63B /* CentralMenu.swift */; };
		9A93990B27D955F80074F63B /* HomeCollectionViewCell.swift in Sources */ = {isa = PBXBuildFile; fileRef = 9A93990927D955F80074F63B /* HomeCollectionViewCell.swift */; };
		9A93990C27D955F80074F63B /* HomeCollectionViewCell.xib in Resources */ = {isa = PBXBuildFile; fileRef = 9A93990A27D955F80074F63B /* HomeCollectionViewCell.xib */; };
		9A93990D27D959E80074F63B /* CentralMenu_Back.swift in Sources */ = {isa = PBXBuildFile; fileRef = C2746F5627D7A0A8002001B9 /* CentralMenu_Back.swift */; };
		9A93991627D95CDE0074F63B /* SurveyOptionsCollectionViewCell.swift in Sources */ = {isa = PBXBuildFile; fileRef = 9A93991427D95CDE0074F63B /* SurveyOptionsCollectionViewCell.swift */; };
		9A93991727D95CDE0074F63B /* SurveyOptionsCollectionViewCell.xib in Resources */ = {isa = PBXBuildFile; fileRef = 9A93991527D95CDE0074F63B /* SurveyOptionsCollectionViewCell.xib */; };
		9A93991D27D966390074F63B /* SurveyOptions.swift in Sources */ = {isa = PBXBuildFile; fileRef = 9A93991C27D966390074F63B /* SurveyOptions.swift */; };
		9AFFF77227D7F6410011B3E6 /* FoodTableViewCell.xib in Resources */ = {isa = PBXBuildFile; fileRef = 9AFFF77027D7F6410011B3E6 /* FoodTableViewCell.xib */; };
		9AFFF77327D7F6410011B3E6 /* FoodTableViewCell.swift in Sources */ = {isa = PBXBuildFile; fileRef = 9AFFF77127D7F6410011B3E6 /* FoodTableViewCell.swift */; };
		9AFFF77527D7F66F0011B3E6 /* Constants.swift in Sources */ = {isa = PBXBuildFile; fileRef = 9AFFF77427D7F66F0011B3E6 /* Constants.swift */; };
		9AFFF77727D7F74F0011B3E6 /* UserData.swift in Sources */ = {isa = PBXBuildFile; fileRef = 9AFFF77627D7F74F0011B3E6 /* UserData.swift */; };
		C236A5A227CD789600FE3B4D /* AppDelegate.swift in Sources */ = {isa = PBXBuildFile; fileRef = C236A5A127CD789600FE3B4D /* AppDelegate.swift */; };
		C236A5A427CD789600FE3B4D /* SceneDelegate.swift in Sources */ = {isa = PBXBuildFile; fileRef = C236A5A327CD789600FE3B4D /* SceneDelegate.swift */; };
		C236A5A627CD789600FE3B4D /* ViewController.swift in Sources */ = {isa = PBXBuildFile; fileRef = C236A5A527CD789600FE3B4D /* ViewController.swift */; };
		C236A5A927CD789600FE3B4D /* Main.storyboard in Resources */ = {isa = PBXBuildFile; fileRef = C236A5A727CD789600FE3B4D /* Main.storyboard */; };
		C236A5AC27CD789600FE3B4D /* Las_Playas.xcdatamodeld in Sources */ = {isa = PBXBuildFile; fileRef = C236A5AA27CD789600FE3B4D /* Las_Playas.xcdatamodeld */; };
		C236A5AE27CD789700FE3B4D /* Assets.xcassets in Resources */ = {isa = PBXBuildFile; fileRef = C236A5AD27CD789700FE3B4D /* Assets.xcassets */; };
		C236A5B127CD789700FE3B4D /* LaunchScreen.storyboard in Resources */ = {isa = PBXBuildFile; fileRef = C236A5AF27CD789700FE3B4D /* LaunchScreen.storyboard */; };
		C2746F5927D7E967002001B9 /* Room.swift in Sources */ = {isa = PBXBuildFile; fileRef = C2746F5827D7E967002001B9 /* Room.swift */; };
		C2746F5D27D7EBE2002001B9 /* Food.swift in Sources */ = {isa = PBXBuildFile; fileRef = C2746F5C27D7EBE2002001B9 /* Food.swift */; };
		C2746F6027D7EBFB002001B9 /* Settings.swift in Sources */ = {isa = PBXBuildFile; fileRef = C2746F5F27D7EBFB002001B9 /* Settings.swift */; };
		C2746F6227D7EC0B002001B9 /* Feedback.swift in Sources */ = {isa = PBXBuildFile; fileRef = C2746F6127D7EC0B002001B9 /* Feedback.swift */; };
		C2746F6427D7EC17002001B9 /* Game.swift in Sources */ = {isa = PBXBuildFile; fileRef = C2746F6327D7EC17002001B9 /* Game.swift */; };
		C291A62A27D76C7000687C63 /* DBD+CoreDataClass.swift in Sources */ = {isa = PBXBuildFile; fileRef = C291A62827D76C7000687C63 /* DBD+CoreDataClass.swift */; };
		C291A62B27D76C7000687C63 /* DBD+CoreDataProperties.swift in Sources */ = {isa = PBXBuildFile; fileRef = C291A62927D76C7000687C63 /* DBD+CoreDataProperties.swift */; };
		C291A62F27D7711300687C63 /* DBSource.swift in Sources */ = {isa = PBXBuildFile; fileRef = C291A62E27D7711300687C63 /* DBSource.swift */; };
		C291A63127D77B2000687C63 /* RegScreen.swift in Sources */ = {isa = PBXBuildFile; fileRef = C291A63027D77B2000687C63 /* RegScreen.swift */; };
		C29DC54127D91E2D005D6F1E /* 2022_03_09_0i8_Kleki.png in Resources */ = {isa = PBXBuildFile; fileRef = C29DC54027D91E2D005D6F1E /* 2022_03_09_0i8_Kleki.png */; };
		C29DC54327D923FE005D6F1E /* SIScreen.swift in Sources */ = {isa = PBXBuildFile; fileRef = C29DC54227D923FE005D6F1E /* SIScreen.swift */; };
		C2FD85CB27D909DF00DDDDBD /* Resort_Logo.png in Resources */ = {isa = PBXBuildFile; fileRef = C2FD85CA27D909DF00DDDDBD /* Resort_Logo.png */; };
		C2FD85CD27D90A4A00DDDDBD /* Gym.swift in Sources */ = {isa = PBXBuildFile; fileRef = C2FD85CC27D90A4A00DDDDBD /* Gym.swift */; };
/* End PBXBuildFile section */

/* Begin PBXFileReference section */
		9A9398E527D9472D0074F63B /* CentralMenu.swift */ = {isa = PBXFileReference; lastKnownFileType = sourcecode.swift; path = CentralMenu.swift; sourceTree = "<group>"; };
		9A93990927D955F80074F63B /* HomeCollectionViewCell.swift */ = {isa = PBXFileReference; fileEncoding = 4; lastKnownFileType = sourcecode.swift; path = HomeCollectionViewCell.swift; sourceTree = "<group>"; };
		9A93990A27D955F80074F63B /* HomeCollectionViewCell.xib */ = {isa = PBXFileReference; fileEncoding = 4; lastKnownFileType = file.xib; path = HomeCollectionViewCell.xib; sourceTree = "<group>"; };
		9A93991427D95CDE0074F63B /* SurveyOptionsCollectionViewCell.swift */ = {isa = PBXFileReference; fileEncoding = 4; lastKnownFileType = sourcecode.swift; path = SurveyOptionsCollectionViewCell.swift; sourceTree = "<group>"; };
		9A93991527D95CDE0074F63B /* SurveyOptionsCollectionViewCell.xib */ = {isa = PBXFileReference; fileEncoding = 4; lastKnownFileType = file.xib; path = SurveyOptionsCollectionViewCell.xib; sourceTree = "<group>"; };
		9A93991C27D966390074F63B /* SurveyOptions.swift */ = {isa = PBXFileReference; lastKnownFileType = sourcecode.swift; path = SurveyOptions.swift; sourceTree = "<group>"; };
		9AFFF77027D7F6410011B3E6 /* FoodTableViewCell.xib */ = {isa = PBXFileReference; fileEncoding = 4; lastKnownFileType = file.xib; path = FoodTableViewCell.xib; sourceTree = "<group>"; };
		9AFFF77127D7F6410011B3E6 /* FoodTableViewCell.swift */ = {isa = PBXFileReference; fileEncoding = 4; lastKnownFileType = sourcecode.swift; path = FoodTableViewCell.swift; sourceTree = "<group>"; };
		9AFFF77427D7F66F0011B3E6 /* Constants.swift */ = {isa = PBXFileReference; fileEncoding = 4; lastKnownFileType = sourcecode.swift; path = Constants.swift; sourceTree = "<group>"; };
		9AFFF77627D7F74F0011B3E6 /* UserData.swift */ = {isa = PBXFileReference; fileEncoding = 4; lastKnownFileType = sourcecode.swift; path = UserData.swift; sourceTree = "<group>"; };
		C236A59E27CD789600FE3B4D /* Las Playas.app */ = {isa = PBXFileReference; explicitFileType = wrapper.application; includeInIndex = 0; path = "Las Playas.app"; sourceTree = BUILT_PRODUCTS_DIR; };
		C236A5A127CD789600FE3B4D /* AppDelegate.swift */ = {isa = PBXFileReference; lastKnownFileType = sourcecode.swift; path = AppDelegate.swift; sourceTree = "<group>"; };
		C236A5A327CD789600FE3B4D /* SceneDelegate.swift */ = {isa = PBXFileReference; lastKnownFileType = sourcecode.swift; path = SceneDelegate.swift; sourceTree = "<group>"; };
		C236A5A527CD789600FE3B4D /* ViewController.swift */ = {isa = PBXFileReference; lastKnownFileType = sourcecode.swift; path = ViewController.swift; sourceTree = "<group>"; };
		C236A5A827CD789600FE3B4D /* Base */ = {isa = PBXFileReference; lastKnownFileType = file.storyboard; name = Base; path = Base.lproj/Main.storyboard; sourceTree = "<group>"; };
		C236A5AB27CD789600FE3B4D /* Las_Playas.xcdatamodel */ = {isa = PBXFileReference; lastKnownFileType = wrapper.xcdatamodel; path = Las_Playas.xcdatamodel; sourceTree = "<group>"; };
		C236A5AD27CD789700FE3B4D /* Assets.xcassets */ = {isa = PBXFileReference; lastKnownFileType = folder.assetcatalog; path = Assets.xcassets; sourceTree = "<group>"; };
		C236A5B027CD789700FE3B4D /* Base */ = {isa = PBXFileReference; lastKnownFileType = file.storyboard; name = Base; path = Base.lproj/LaunchScreen.storyboard; sourceTree = "<group>"; };
		C236A5B227CD789700FE3B4D /* Info.plist */ = {isa = PBXFileReference; lastKnownFileType = text.plist.xml; path = Info.plist; sourceTree = "<group>"; };
		C2746F5627D7A0A8002001B9 /* CentralMenu_Back.swift */ = {isa = PBXFileReference; lastKnownFileType = sourcecode.swift; path = CentralMenu_Back.swift; sourceTree = "<group>"; };
		C2746F5827D7E967002001B9 /* Room.swift */ = {isa = PBXFileReference; lastKnownFileType = sourcecode.swift; path = Room.swift; sourceTree = "<group>"; };
		C2746F5C27D7EBE2002001B9 /* Food.swift */ = {isa = PBXFileReference; lastKnownFileType = sourcecode.swift; path = Food.swift; sourceTree = "<group>"; };
		C2746F5F27D7EBFB002001B9 /* Settings.swift */ = {isa = PBXFileReference; lastKnownFileType = sourcecode.swift; path = Settings.swift; sourceTree = "<group>"; };
		C2746F6127D7EC0B002001B9 /* Feedback.swift */ = {isa = PBXFileReference; lastKnownFileType = sourcecode.swift; path = Feedback.swift; sourceTree = "<group>"; };
		C2746F6327D7EC17002001B9 /* Game.swift */ = {isa = PBXFileReference; lastKnownFileType = sourcecode.swift; path = Game.swift; sourceTree = "<group>"; };
		C291A62827D76C7000687C63 /* DBD+CoreDataClass.swift */ = {isa = PBXFileReference; lastKnownFileType = sourcecode.swift; path = "DBD+CoreDataClass.swift"; sourceTree = "<group>"; };
		C291A62927D76C7000687C63 /* DBD+CoreDataProperties.swift */ = {isa = PBXFileReference; lastKnownFileType = sourcecode.swift; path = "DBD+CoreDataProperties.swift"; sourceTree = "<group>"; };
		C291A62E27D7711300687C63 /* DBSource.swift */ = {isa = PBXFileReference; lastKnownFileType = sourcecode.swift; path = DBSource.swift; sourceTree = "<group>"; };
		C291A63027D77B2000687C63 /* RegScreen.swift */ = {isa = PBXFileReference; lastKnownFileType = sourcecode.swift; path = RegScreen.swift; sourceTree = "<group>"; };
		C29DC54027D91E2D005D6F1E /* 2022_03_09_0i8_Kleki.png */ = {isa = PBXFileReference; lastKnownFileType = image.png; path = 2022_03_09_0i8_Kleki.png; sourceTree = "<group>"; };
		C29DC54227D923FE005D6F1E /* SIScreen.swift */ = {isa = PBXFileReference; lastKnownFileType = sourcecode.swift; path = SIScreen.swift; sourceTree = "<group>"; };
		C2FD85CA27D909DF00DDDDBD /* Resort_Logo.png */ = {isa = PBXFileReference; lastKnownFileType = image.png; path = Resort_Logo.png; sourceTree = "<group>"; };
		C2FD85CC27D90A4A00DDDDBD /* Gym.swift */ = {isa = PBXFileReference; fileEncoding = 4; lastKnownFileType = sourcecode.swift; path = Gym.swift; sourceTree = "<group>"; };
/* End PBXFileReference section */

/* Begin PBXFrameworksBuildPhase section */
		C236A59B27CD789600FE3B4D /* Frameworks */ = {
			isa = PBXFrameworksBuildPhase;
			buildActionMask = 2147483647;
			files = (
			);
			runOnlyForDeploymentPostprocessing = 0;
		};
/* End PBXFrameworksBuildPhase section */

/* Begin PBXGroup section */
		9A93991127D95C6A0074F63B /* Controllers */ = {
			isa = PBXGroup;
			children = (
				9A93991C27D966390074F63B /* SurveyOptions.swift */,
				C236A5A527CD789600FE3B4D /* ViewController.swift */,
				C291A63027D77B2000687C63 /* RegScreen.swift */,
				9A9398E527D9472D0074F63B /* CentralMenu.swift */,
				C2746F5827D7E967002001B9 /* Room.swift */,
				C2746F6327D7EC17002001B9 /* Game.swift */,
				C2746F6127D7EC0B002001B9 /* Feedback.swift */,
				C2746F5F27D7EBFB002001B9 /* Settings.swift */,
				C2FD85CC27D90A4A00DDDDBD /* Gym.swift */,
				C2746F5C27D7EBE2002001B9 /* Food.swift */,
				C29DC54227D923FE005D6F1E /* SIScreen.swift */,
			);
			path = Controllers;
			sourceTree = "<group>";
		};
		9A93991227D95C810074F63B /* Views */ = {
			isa = PBXGroup;
			children = (
				9AFFF77127D7F6410011B3E6 /* FoodTableViewCell.swift */,
				C236A5A727CD789600FE3B4D /* Main.storyboard */,
				9AFFF77027D7F6410011B3E6 /* FoodTableViewCell.xib */,
				9A93990927D955F80074F63B /* HomeCollectionViewCell.swift */,
				9A93990A27D955F80074F63B /* HomeCollectionViewCell.xib */,
				9A93991427D95CDE0074F63B /* SurveyOptionsCollectionViewCell.swift */,
				9A93991527D95CDE0074F63B /* SurveyOptionsCollectionViewCell.xib */,
			);
			path = Views;
			sourceTree = "<group>";
		};
		9A93991327D95C9F0074F63B /* Models */ = {
			isa = PBXGroup;
			children = (
				9AFFF77627D7F74F0011B3E6 /* UserData.swift */,
				9AFFF77427D7F66F0011B3E6 /* Constants.swift */,
			);
			path = Models;
			sourceTree = "<group>";
		};
		C236A59527CD789600FE3B4D = {
			isa = PBXGroup;
			children = (
				C291A62E27D7711300687C63 /* DBSource.swift */,
				C291A62827D76C7000687C63 /* DBD+CoreDataClass.swift */,
				C291A62927D76C7000687C63 /* DBD+CoreDataProperties.swift */,
				C236A5A027CD789600FE3B4D /* Las Playas */,
				C236A59F27CD789600FE3B4D /* Products */,
			);
			sourceTree = "<group>";
		};
		C236A59F27CD789600FE3B4D /* Products */ = {
			isa = PBXGroup;
			children = (
				C236A59E27CD789600FE3B4D /* Las Playas.app */,
			);
			name = Products;
			sourceTree = "<group>";
		};
		C236A5A027CD789600FE3B4D /* Las Playas */ = {
			isa = PBXGroup;
			children = (
				C236A5A127CD789600FE3B4D /* AppDelegate.swift */,
				C236A5A327CD789600FE3B4D /* SceneDelegate.swift */,
				9A93991327D95C9F0074F63B /* Models */,
				9A93991227D95C810074F63B /* Views */,
				9A93991127D95C6A0074F63B /* Controllers */,
				C236A5AD27CD789700FE3B4D /* Assets.xcassets */,
				C236A5AF27CD789700FE3B4D /* LaunchScreen.storyboard */,
				C236A5B227CD789700FE3B4D /* Info.plist */,
				C236A5AA27CD789600FE3B4D /* Las_Playas.xcdatamodeld */,
				C2746F5627D7A0A8002001B9 /* CentralMenu_Back.swift */,
				C2FD85CA27D909DF00DDDDBD /* Resort_Logo.png */,
				C29DC54027D91E2D005D6F1E /* 2022_03_09_0i8_Kleki.png */,
			);
			path = "Las Playas";
			sourceTree = "<group>";
		};
/* End PBXGroup section */

/* Begin PBXNativeTarget section */
		C236A59D27CD789600FE3B4D /* Las Playas */ = {
			isa = PBXNativeTarget;
			buildConfigurationList = C236A5B527CD789700FE3B4D /* Build configuration list for PBXNativeTarget "Las Playas" */;
			buildPhases = (
				C236A59A27CD789600FE3B4D /* Sources */,
				C236A59B27CD789600FE3B4D /* Frameworks */,
				C236A59C27CD789600FE3B4D /* Resources */,
			);
			buildRules = (
			);
			dependencies = (
			);
			name = "Las Playas";
			productName = "Las Playas";
			productReference = C236A59E27CD789600FE3B4D /* Las Playas.app */;
			productType = "com.apple.product-type.application";
		};
/* End PBXNativeTarget section */

/* Begin PBXProject section */
		C236A59627CD789600FE3B4D /* Project object */ = {
			isa = PBXProject;
			attributes = {
				BuildIndependentTargetsInParallel = 1;
				LastSwiftUpdateCheck = 1320;
				LastUpgradeCheck = 1320;
				TargetAttributes = {
					C236A59D27CD789600FE3B4D = {
						CreatedOnToolsVersion = 13.2.1;
					};
				};
			};
			buildConfigurationList = C236A59927CD789600FE3B4D /* Build configuration list for PBXProject "Las Playas" */;
			compatibilityVersion = "Xcode 13.0";
			developmentRegion = en;
			hasScannedForEncodings = 0;
			knownRegions = (
				en,
				Base,
			);
			mainGroup = C236A59527CD789600FE3B4D;
			productRefGroup = C236A59F27CD789600FE3B4D /* Products */;
			projectDirPath = "";
			projectRoot = "";
			targets = (
				C236A59D27CD789600FE3B4D /* Las Playas */,
			);
		};
/* End PBXProject section */

/* Begin PBXResourcesBuildPhase section */
		C236A59C27CD789600FE3B4D /* Resources */ = {
			isa = PBXResourcesBuildPhase;
			buildActionMask = 2147483647;
			files = (
				C29DC54127D91E2D005D6F1E /* 2022_03_09_0i8_Kleki.png in Resources */,
				C236A5B127CD789700FE3B4D /* LaunchScreen.storyboard in Resources */,
				9AFFF77227D7F6410011B3E6 /* FoodTableViewCell.xib in Resources */,
				C236A5AE27CD789700FE3B4D /* Assets.xcassets in Resources */,
				9A93990C27D955F80074F63B /* HomeCollectionViewCell.xib in Resources */,
				9A93991727D95CDE0074F63B /* SurveyOptionsCollectionViewCell.xib in Resources */,
				C2FD85CB27D909DF00DDDDBD /* Resort_Logo.png in Resources */,
				C236A5A927CD789600FE3B4D /* Main.storyboard in Resources */,
			);
			runOnlyForDeploymentPostprocessing = 0;
		};
/* End PBXResourcesBuildPhase section */

/* Begin PBXSourcesBuildPhase section */
		C236A59A27CD789600FE3B4D /* Sources */ = {
			isa = PBXSourcesBuildPhase;
			buildActionMask = 2147483647;
			files = (
				9AFFF77527D7F66F0011B3E6 /* Constants.swift in Sources */,
				C2746F6427D7EC17002001B9 /* Game.swift in Sources */,
				9A9398E627D9472D0074F63B /* CentralMenu.swift in Sources */,
				9A93990D27D959E80074F63B /* CentralMenu_Back.swift in Sources */,
				C291A63127D77B2000687C63 /* RegScreen.swift in Sources */,
				C2746F6027D7EBFB002001B9 /* Settings.swift in Sources */,
				9A93991D27D966390074F63B /* SurveyOptions.swift in Sources */,
				C291A62B27D76C7000687C63 /* DBD+CoreDataProperties.swift in Sources */,
				C236A5AC27CD789600FE3B4D /* Las_Playas.xcdatamodeld in Sources */,
				C236A5A627CD789600FE3B4D /* ViewController.swift in Sources */,
				C2FD85CD27D90A4A00DDDDBD /* Gym.swift in Sources */,
				C2746F5D27D7EBE2002001B9 /* Food.swift in Sources */,
				C2746F5927D7E967002001B9 /* Room.swift in Sources */,
				C291A62A27D76C7000687C63 /* DBD+CoreDataClass.swift in Sources */,
				C236A5A227CD789600FE3B4D /* AppDelegate.swift in Sources */,
				9AFFF77727D7F74F0011B3E6 /* UserData.swift in Sources */,
				9A93990B27D955F80074F63B /* HomeCollectionViewCell.swift in Sources */,
				C236A5A427CD789600FE3B4D /* SceneDelegate.swift in Sources */,
				C29DC54327D923FE005D6F1E /* SIScreen.swift in Sources */,
				9AFFF77327D7F6410011B3E6 /* FoodTableViewCell.swift in Sources */,
				C2746F6227D7EC0B002001B9 /* Feedback.swift in Sources */,
				9A93991627D95CDE0074F63B /* SurveyOptionsCollectionViewCell.swift in Sources */,
				C291A62F27D7711300687C63 /* DBSource.swift in Sources */,
			);
			runOnlyForDeploymentPostprocessing = 0;
		};
/* End PBXSourcesBuildPhase section */

/* Begin PBXVariantGroup section */
		C236A5A727CD789600FE3B4D /* Main.storyboard */ = {
			isa = PBXVariantGroup;
			children = (
				C236A5A827CD789600FE3B4D /* Base */,
			);
			name = Main.storyboard;
			sourceTree = "<group>";
		};
		C236A5AF27CD789700FE3B4D /* LaunchScreen.storyboard */ = {
			isa = PBXVariantGroup;
			children = (
				C236A5B027CD789700FE3B4D /* Base */,
			);
			name = LaunchScreen.storyboard;
			sourceTree = "<group>";
		};
/* End PBXVariantGroup section */

/* Begin XCBuildConfiguration section */
		C236A5B327CD789700FE3B4D /* Debug */ = {
			isa = XCBuildConfiguration;
			buildSettings = {
				ALWAYS_SEARCH_USER_PATHS = NO;
				CLANG_ANALYZER_NONNULL = YES;
				CLANG_ANALYZER_NUMBER_OBJECT_CONVERSION = YES_AGGRESSIVE;
				CLANG_CXX_LANGUAGE_STANDARD = "gnu++17";
				CLANG_CXX_LIBRARY = "libc++";
				CLANG_ENABLE_MODULES = YES;
				CLANG_ENABLE_OBJC_ARC = YES;
				CLANG_ENABLE_OBJC_WEAK = YES;
				CLANG_WARN_BLOCK_CAPTURE_AUTORELEASING = YES;
				CLANG_WARN_BOOL_CONVERSION = YES;
				CLANG_WARN_COMMA = YES;
				CLANG_WARN_CONSTANT_CONVERSION = YES;
				CLANG_WARN_DEPRECATED_OBJC_IMPLEMENTATIONS = YES;
				CLANG_WARN_DIRECT_OBJC_ISA_USAGE = YES_ERROR;
				CLANG_WARN_DOCUMENTATION_COMMENTS = YES;
				CLANG_WARN_EMPTY_BODY = YES;
				CLANG_WARN_ENUM_CONVERSION = YES;
				CLANG_WARN_INFINITE_RECURSION = YES;
				CLANG_WARN_INT_CONVERSION = YES;
				CLANG_WARN_NON_LITERAL_NULL_CONVERSION = YES;
				CLANG_WARN_OBJC_IMPLICIT_RETAIN_SELF = YES;
				CLANG_WARN_OBJC_LITERAL_CONVERSION = YES;
				CLANG_WARN_OBJC_ROOT_CLASS = YES_ERROR;
				CLANG_WARN_QUOTED_INCLUDE_IN_FRAMEWORK_HEADER = YES;
				CLANG_WARN_RANGE_LOOP_ANALYSIS = YES;
				CLANG_WARN_STRICT_PROTOTYPES = YES;
				CLANG_WARN_SUSPICIOUS_MOVE = YES;
				CLANG_WARN_UNGUARDED_AVAILABILITY = YES_AGGRESSIVE;
				CLANG_WARN_UNREACHABLE_CODE = YES;
				CLANG_WARN__DUPLICATE_METHOD_MATCH = YES;
				COPY_PHASE_STRIP = NO;
				DEBUG_INFORMATION_FORMAT = dwarf;
				ENABLE_STRICT_OBJC_MSGSEND = YES;
				ENABLE_TESTABILITY = YES;
				GCC_C_LANGUAGE_STANDARD = gnu11;
				GCC_DYNAMIC_NO_PIC = NO;
				GCC_NO_COMMON_BLOCKS = YES;
				GCC_OPTIMIZATION_LEVEL = 0;
				GCC_PREPROCESSOR_DEFINITIONS = (
					"DEBUG=1",
					"$(inherited)",
				);
				GCC_WARN_64_TO_32_BIT_CONVERSION = YES;
				GCC_WARN_ABOUT_RETURN_TYPE = YES_ERROR;
				GCC_WARN_UNDECLARED_SELECTOR = YES;
				GCC_WARN_UNINITIALIZED_AUTOS = YES_AGGRESSIVE;
				GCC_WARN_UNUSED_FUNCTION = YES;
				GCC_WARN_UNUSED_VARIABLE = YES;
				IPHONEOS_DEPLOYMENT_TARGET = 15.2;
				MTL_ENABLE_DEBUG_INFO = INCLUDE_SOURCE;
				MTL_FAST_MATH = YES;
				ONLY_ACTIVE_ARCH = YES;
				SDKROOT = iphoneos;
				SWIFT_ACTIVE_COMPILATION_CONDITIONS = DEBUG;
				SWIFT_OPTIMIZATION_LEVEL = "-Onone";
			};
			name = Debug;
		};
		C236A5B427CD789700FE3B4D /* Release */ = {
			isa = XCBuildConfiguration;
			buildSettings = {
				ALWAYS_SEARCH_USER_PATHS = NO;
				CLANG_ANALYZER_NONNULL = YES;
				CLANG_ANALYZER_NUMBER_OBJECT_CONVERSION = YES_AGGRESSIVE;
				CLANG_CXX_LANGUAGE_STANDARD = "gnu++17";
				CLANG_CXX_LIBRARY = "libc++";
				CLANG_ENABLE_MODULES = YES;
				CLANG_ENABLE_OBJC_ARC = YES;
				CLANG_ENABLE_OBJC_WEAK = YES;
				CLANG_WARN_BLOCK_CAPTURE_AUTORELEASING = YES;
				CLANG_WARN_BOOL_CONVERSION = YES;
				CLANG_WARN_COMMA = YES;
				CLANG_WARN_CONSTANT_CONVERSION = YES;
				CLANG_WARN_DEPRECATED_OBJC_IMPLEMENTATIONS = YES;
				CLANG_WARN_DIRECT_OBJC_ISA_USAGE = YES_ERROR;
				CLANG_WARN_DOCUMENTATION_COMMENTS = YES;
				CLANG_WARN_EMPTY_BODY = YES;
				CLANG_WARN_ENUM_CONVERSION = YES;
				CLANG_WARN_INFINITE_RECURSION = YES;
				CLANG_WARN_INT_CONVERSION = YES;
				CLANG_WARN_NON_LITERAL_NULL_CONVERSION = YES;
				CLANG_WARN_OBJC_IMPLICIT_RETAIN_SELF = YES;
				CLANG_WARN_OBJC_LITERAL_CONVERSION = YES;
				CLANG_WARN_OBJC_ROOT_CLASS = YES_ERROR;
				CLANG_WARN_QUOTED_INCLUDE_IN_FRAMEWORK_HEADER = YES;
				CLANG_WARN_RANGE_LOOP_ANALYSIS = YES;
				CLANG_WARN_STRICT_PROTOTYPES = YES;
				CLANG_WARN_SUSPICIOUS_MOVE = YES;
				CLANG_WARN_UNGUARDED_AVAILABILITY = YES_AGGRESSIVE;
				CLANG_WARN_UNREACHABLE_CODE = YES;
				CLANG_WARN__DUPLICATE_METHOD_MATCH = YES;
				COPY_PHASE_STRIP = NO;
				DEBUG_INFORMATION_FORMAT = "dwarf-with-dsym";
				ENABLE_NS_ASSERTIONS = NO;
				ENABLE_STRICT_OBJC_MSGSEND = YES;
				GCC_C_LANGUAGE_STANDARD = gnu11;
				GCC_NO_COMMON_BLOCKS = YES;
				GCC_WARN_64_TO_32_BIT_CONVERSION = YES;
				GCC_WARN_ABOUT_RETURN_TYPE = YES_ERROR;
				GCC_WARN_UNDECLARED_SELECTOR = YES;
				GCC_WARN_UNINITIALIZED_AUTOS = YES_AGGRESSIVE;
				GCC_WARN_UNUSED_FUNCTION = YES;
				GCC_WARN_UNUSED_VARIABLE = YES;
				IPHONEOS_DEPLOYMENT_TARGET = 15.2;
				MTL_ENABLE_DEBUG_INFO = NO;
				MTL_FAST_MATH = YES;
				SDKROOT = iphoneos;
				SWIFT_COMPILATION_MODE = wholemodule;
				SWIFT_OPTIMIZATION_LEVEL = "-O";
				VALIDATE_PRODUCT = YES;
			};
			name = Release;
		};
		C236A5B627CD789700FE3B4D /* Debug */ = {
			isa = XCBuildConfiguration;
			buildSettings = {
				ASSETCATALOG_COMPILER_APPICON_NAME = AppIcon;
				ASSETCATALOG_COMPILER_GLOBAL_ACCENT_COLOR_NAME = AccentColor;
				CODE_SIGN_STYLE = Automatic;
				CURRENT_PROJECT_VERSION = 1;
				DEVELOPMENT_TEAM = L774RRX3UB;
				GENERATE_INFOPLIST_FILE = YES;
				INFOPLIST_FILE = "Las Playas/Info.plist";
				INFOPLIST_KEY_UIApplicationSupportsIndirectInputEvents = YES;
				INFOPLIST_KEY_UILaunchStoryboardName = LaunchScreen;
				INFOPLIST_KEY_UIMainStoryboardFile = Main;
				INFOPLIST_KEY_UISupportedInterfaceOrientations_iPad = "UIInterfaceOrientationPortrait UIInterfaceOrientationPortraitUpsideDown UIInterfaceOrientationLandscapeLeft UIInterfaceOrientationLandscapeRight";
				INFOPLIST_KEY_UISupportedInterfaceOrientations_iPhone = "UIInterfaceOrientationPortrait UIInterfaceOrientationLandscapeLeft UIInterfaceOrientationLandscapeRight";
				LD_RUNPATH_SEARCH_PATHS = (
					"$(inherited)",
					"@executable_path/Frameworks",
				);
				MARKETING_VERSION = 1.0;
				PRODUCT_BUNDLE_IDENTIFIER = "TeamBravo.Las-Playas";
				PRODUCT_NAME = "$(TARGET_NAME)";
				SWIFT_EMIT_LOC_STRINGS = YES;
				SWIFT_VERSION = 5.0;
				TARGETED_DEVICE_FAMILY = "1,2";
			};
			name = Debug;
		};
		C236A5B727CD789700FE3B4D /* Release */ = {
			isa = XCBuildConfiguration;
			buildSettings = {
				ASSETCATALOG_COMPILER_APPICON_NAME = AppIcon;
				ASSETCATALOG_COMPILER_GLOBAL_ACCENT_COLOR_NAME = AccentColor;
				CODE_SIGN_STYLE = Automatic;
				CURRENT_PROJECT_VERSION = 1;
				DEVELOPMENT_TEAM = L774RRX3UB;
				GENERATE_INFOPLIST_FILE = YES;
				INFOPLIST_FILE = "Las Playas/Info.plist";
				INFOPLIST_KEY_UIApplicationSupportsIndirectInputEvents = YES;
				INFOPLIST_KEY_UILaunchStoryboardName = LaunchScreen;
				INFOPLIST_KEY_UIMainStoryboardFile = Main;
				INFOPLIST_KEY_UISupportedInterfaceOrientations_iPad = "UIInterfaceOrientationPortrait UIInterfaceOrientationPortraitUpsideDown UIInterfaceOrientationLandscapeLeft UIInterfaceOrientationLandscapeRight";
				INFOPLIST_KEY_UISupportedInterfaceOrientations_iPhone = "UIInterfaceOrientationPortrait UIInterfaceOrientationLandscapeLeft UIInterfaceOrientationLandscapeRight";
				LD_RUNPATH_SEARCH_PATHS = (
					"$(inherited)",
					"@executable_path/Frameworks",
				);
				MARKETING_VERSION = 1.0;
				PRODUCT_BUNDLE_IDENTIFIER = "TeamBravo.Las-Playas";
				PRODUCT_NAME = "$(TARGET_NAME)";
				SWIFT_EMIT_LOC_STRINGS = YES;
				SWIFT_VERSION = 5.0;
				TARGETED_DEVICE_FAMILY = "1,2";
			};
			name = Release;
		};
/* End XCBuildConfiguration section */

/* Begin XCConfigurationList section */
		C236A59927CD789600FE3B4D /* Build configuration list for PBXProject "Las Playas" */ = {
			isa = XCConfigurationList;
			buildConfigurations = (
				C236A5B327CD789700FE3B4D /* Debug */,
				C236A5B427CD789700FE3B4D /* Release */,
			);
			defaultConfigurationIsVisible = 0;
			defaultConfigurationName = Release;
		};
		C236A5B527CD789700FE3B4D /* Build configuration list for PBXNativeTarget "Las Playas" */ = {
			isa = XCConfigurationList;
			buildConfigurations = (
				C236A5B627CD789700FE3B4D /* Debug */,
				C236A5B727CD789700FE3B4D /* Release */,
			);
			defaultConfigurationIsVisible = 0;
			defaultConfigurationName = Release;
		};
/* End XCConfigurationList section */

/* Begin XCVersionGroup section */
		C236A5AA27CD789600FE3B4D /* Las_Playas.xcdatamodeld */ = {
			isa = XCVersionGroup;
			children = (
				C236A5AB27CD789600FE3B4D /* Las_Playas.xcdatamodel */,
			);
			currentVersion = C236A5AB27CD789600FE3B4D /* Las_Playas.xcdatamodel */;
			path = Las_Playas.xcdatamodeld;
			sourceTree = "<group>";
			versionGroupType = wrapper.xcdatamodel;
		};
/* End XCVersionGroup section */
	};
	rootObject = C236A59627CD789600FE3B4D /* Project object */;
}
